
Microsoft Visual Studio Solution File, Format Version 12.00
# Visual Studio Version 16
VisualStudioVersion = 16.0.29418.71
MinimumVisualStudioVersion = 10.0.40219.1
Project("{FAE04EC0-301F-11D3-BF4B-00C04F79EFBC}") = "DeleteBinObj", "DeleteBinObj\DeleteBinObj.csproj", "{95930D13-31D3-49E3-8718-0F3D4A568D6E}"
EndProject
Global
	GlobalSection(SolutionConfigurationPlatforms) = preSolution
		Debug|Any CPU = Debug|Any CPU
		Release|Any CPU = Release|Any CPU
	EndGlobalSection
	GlobalSection(ProjectConfigurationPlatforms) = postSolution
		{95930D13-31D3-49E3-8718-0F3D4A568D6E}.Debug|Any CPU.ActiveCfg = Debug|Any CPU
		{95930D13-31D3-49E3-8718-0F3D4A568D6E}.Debug|Any CPU.Build.0 = Debug|Any CPU
		{95930D13-31D3-49E3-8718-0F3D4A568D6E}.Release|Any CPU.ActiveCfg = Release|Any CPU
		{95930D13-31D3-49E3-8718-0F3D4A568D6E}.Release|Any CPU.Build.0 = Release|Any CPU
	EndGlobalSection
	GlobalSection(SolutionProperties) = preSolution
		HideSolutionNode = FALSE
	EndGlobalSection
	GlobalSection(ExtensibilityGlobals) = postSolution
		SolutionGuid = {35616298-1A75-46D5-B845-D6CD0F9C9209}
	EndGlobalSection
EndGlobal
